{
  "name": "exercicio_individual",
  "version": "1.0.0",
  "lockfileVersion": 1,
  "requires": true,
  "dependencies": {
    "currency.js": {
      "version": "2.0.3",
      "resolved": "https://registry.npmjs.org/currency.js/-/currency.js-2.0.3.tgz",
      "integrity": "sha512-3rtzulRMwUJHmH0EPKiO/taYEGWlLSG2rpBOaHhfaY1dPGqK595mjg4t4bksy7glHEPZry7l5xSpXECs1eFrWg=="
    }
  }
}
